
Microsoft Visual Studio Solution File, Format Version 12.00
# Visual Studio Version 17
VisualStudioVersion = 17.2.32616.157
MinimumVisualStudioVersion = 10.0.40219.1
Project("{9A19103F-16F7-4668-BE54-9A1E7A4F7556}") = "Aysa_Risk_Back", "Aysa_Risk_Back\Aysa_Risk_Back.csproj", "{B8794F29-A37F-4367-B6F2-40370B9E3C9B}"
EndProject
Project("{2150E333-8FDC-42A3-9474-1A3956D46DE8}") = "1_Presentation", "1_Presentation", "{31DD7368-4EAB-4BE4-834C-98749BDD5927}"
EndProject
Project("{2150E333-8FDC-42A3-9474-1A3956D46DE8}") = "2_Business_Logic", "2_Business_Logic", "{630B3C70-98D3-445E-946B-96780CD75082}"
EndProject
Project("{2150E333-8FDC-42A3-9474-1A3956D46DE8}") = "3_Data_Access", "3_Data_Access", "{B7864F27-2EFA-42B3-89A4-355D6131259C}"
EndProject
Project("{2150E333-8FDC-42A3-9474-1A3956D46DE8}") = "4_Infraestructure", "4_Infraestructure", "{6FDE1322-12F5-45F5-8D63-B49E07CDEE7D}"
EndProject
Project("{9A19103F-16F7-4668-BE54-9A1E7A4F7556}") = "Aysa_Risk_Business_Logic", "Aysa_Risk_Business_Logic\Aysa_Risk_Business_Logic.csproj", "{97051096-5326-4B9D-B478-D957B985A7A3}"
EndProject
Project("{9A19103F-16F7-4668-BE54-9A1E7A4F7556}") = "Aysa_Risk_Data_Access", "Aysa_Risk_Data_Access\Aysa_Risk_Data_Access.csproj", "{AD8F62DE-60C9-4441-91F2-40F3F1DAFD9B}"
EndProject
Project("{9A19103F-16F7-4668-BE54-9A1E7A4F7556}") = "Aysa_Risk_Data_Access_Test", "Aysa_Risk_Data_Access_Test\Aysa_Risk_Data_Access_Test.csproj", "{6D01DD00-9223-4BD7-8A0D-DB8377AFC3DC}"
EndProject
Project("{9A19103F-16F7-4668-BE54-9A1E7A4F7556}") = "Aysa_Risk_Back_Test", "Aysa_Risk_Back_Test\Aysa_Risk_Back_Test.csproj", "{DC09D60B-941E-4F64-943D-93C6CC4887BC}"
EndProject
Project("{9A19103F-16F7-4668-BE54-9A1E7A4F7556}") = "Aysa_Risk_Business_Logic_Test", "Aysa_Risk_Business_Logic_Test\Aysa_Risk_Business_Logic_Test.csproj", "{4B51CE45-86A2-4A5A-8AFF-183F07E4DFE6}"
EndProject
Global
	GlobalSection(SolutionConfigurationPlatforms) = preSolution
		Debug|Any CPU = Debug|Any CPU
		Release|Any CPU = Release|Any CPU
	EndGlobalSection
	GlobalSection(ProjectConfigurationPlatforms) = postSolution
		{B8794F29-A37F-4367-B6F2-40370B9E3C9B}.Debug|Any CPU.ActiveCfg = Debug|Any CPU
		{B8794F29-A37F-4367-B6F2-40370B9E3C9B}.Debug|Any CPU.Build.0 = Debug|Any CPU
		{B8794F29-A37F-4367-B6F2-40370B9E3C9B}.Release|Any CPU.ActiveCfg = Release|Any CPU
		{B8794F29-A37F-4367-B6F2-40370B9E3C9B}.Release|Any CPU.Build.0 = Release|Any CPU
		{97051096-5326-4B9D-B478-D957B985A7A3}.Debug|Any CPU.ActiveCfg = Debug|Any CPU
		{97051096-5326-4B9D-B478-D957B985A7A3}.Debug|Any CPU.Build.0 = Debug|Any CPU
		{97051096-5326-4B9D-B478-D957B985A7A3}.Release|Any CPU.ActiveCfg = Release|Any CPU
		{97051096-5326-4B9D-B478-D957B985A7A3}.Release|Any CPU.Build.0 = Release|Any CPU
		{AD8F62DE-60C9-4441-91F2-40F3F1DAFD9B}.Debug|Any CPU.ActiveCfg = Debug|Any CPU
		{AD8F62DE-60C9-4441-91F2-40F3F1DAFD9B}.Debug|Any CPU.Build.0 = Debug|Any CPU
		{AD8F62DE-60C9-4441-91F2-40F3F1DAFD9B}.Release|Any CPU.ActiveCfg = Release|Any CPU
		{AD8F62DE-60C9-4441-91F2-40F3F1DAFD9B}.Release|Any CPU.Build.0 = Release|Any CPU
		{6D01DD00-9223-4BD7-8A0D-DB8377AFC3DC}.Debug|Any CPU.ActiveCfg = Debug|Any CPU
		{6D01DD00-9223-4BD7-8A0D-DB8377AFC3DC}.Debug|Any CPU.Build.0 = Debug|Any CPU
		{6D01DD00-9223-4BD7-8A0D-DB8377AFC3DC}.Release|Any CPU.ActiveCfg = Release|Any CPU
		{6D01DD00-9223-4BD7-8A0D-DB8377AFC3DC}.Release|Any CPU.Build.0 = Release|Any CPU
		{DC09D60B-941E-4F64-943D-93C6CC4887BC}.Debug|Any CPU.ActiveCfg = Debug|Any CPU
		{DC09D60B-941E-4F64-943D-93C6CC4887BC}.Debug|Any CPU.Build.0 = Debug|Any CPU
		{DC09D60B-941E-4F64-943D-93C6CC4887BC}.Release|Any CPU.ActiveCfg = Release|Any CPU
		{DC09D60B-941E-4F64-943D-93C6CC4887BC}.Release|Any CPU.Build.0 = Release|Any CPU
		{4B51CE45-86A2-4A5A-8AFF-183F07E4DFE6}.Debug|Any CPU.ActiveCfg = Debug|Any CPU
		{4B51CE45-86A2-4A5A-8AFF-183F07E4DFE6}.Debug|Any CPU.Build.0 = Debug|Any CPU
		{4B51CE45-86A2-4A5A-8AFF-183F07E4DFE6}.Release|Any CPU.ActiveCfg = Release|Any CPU
		{4B51CE45-86A2-4A5A-8AFF-183F07E4DFE6}.Release|Any CPU.Build.0 = Release|Any CPU
	EndGlobalSection
	GlobalSection(SolutionProperties) = preSolution
		HideSolutionNode = FALSE
	EndGlobalSection
	GlobalSection(NestedProjects) = preSolution
		{B8794F29-A37F-4367-B6F2-40370B9E3C9B} = {31DD7368-4EAB-4BE4-834C-98749BDD5927}
		{97051096-5326-4B9D-B478-D957B985A7A3} = {630B3C70-98D3-445E-946B-96780CD75082}
		{AD8F62DE-60C9-4441-91F2-40F3F1DAFD9B} = {B7864F27-2EFA-42B3-89A4-355D6131259C}
		{6D01DD00-9223-4BD7-8A0D-DB8377AFC3DC} = {B7864F27-2EFA-42B3-89A4-355D6131259C}
		{DC09D60B-941E-4F64-943D-93C6CC4887BC} = {31DD7368-4EAB-4BE4-834C-98749BDD5927}
		{4B51CE45-86A2-4A5A-8AFF-183F07E4DFE6} = {630B3C70-98D3-445E-946B-96780CD75082}
	EndGlobalSection
	GlobalSection(ExtensibilityGlobals) = postSolution
		SolutionGuid = {28CAF543-9023-4C38-BB7D-34EEEDB95A76}
	EndGlobalSection
EndGlobal
